<?xml version="1.0" encoding="utf-8"?>
<Project ToolsVersion="4.0" xmlns="http://schemas.microsoft.com/developer/msbuild/2003">
  <ItemGroup>
    <ClCompile Include="..\zbar\symbol.c">
      <Filter>Source Files</Filter>
    </ClCompile>
    <ClCompile Include="..\zbar\image.c">
      <Filter>Source Files</Filter>
    </ClCompile>
    <ClCompile Include="..\zbar\video.c">
      <Filter>Source Files</Filter>
    </ClCompile>
    <ClCompile Include="..\zbar\img_scanner.c">
      <Filter>Source Files</Filter>
    </ClCompile>
    <ClCompile Include="..\zbar\scanner.c">
      <Filter>Source Files</Filter>
    </ClCompile>
    <ClCompile Include="..\zbar\window.c">
      <Filter>Source Files</Filter>
    </ClCompile>
    <ClCompile Include="..\zbar\refcnt.c">
      <Filter>Source Files</Filter>
    </ClCompile>
    <ClCompile Include="..\zbar\processor.c">
      <Filter>Source Files</Filter>
    </ClCompile>
    <ClCompile Include="..\zbar\convert.c">
      <Filter>Source Files</Filter>
    </ClCompile>
    <ClCompile Include="..\zbar\error.c">
      <Filter>Source Files</Filter>
    </ClCompile>
    <ClCompile Include="..\zbar\decoder\i25.c">
      <Filter>Source Files\decoder</Filter>
    </ClCompile>
    <ClCompile Include="..\zbar\decoder\codabar.c">
      <Filter>Source Files\decoder</Filter>
    </ClCompile>
    <ClCompile Include="..\zbar\decoder\databar.c">
      <Filter>Source Files\decoder</Filter>
    </ClCompile>
    <ClCompile Include="..\zbar\decoder\code128.c">
      <Filter>Source Files\decoder</Filter>
    </ClCompile>
    <ClCompile Include="..\zbar\decoder\code93.c">
      <Filter>Source Files\decoder</Filter>
    </ClCompile>
    <ClCompile Include="..\zbar\decoder\code39.c">
      <Filter>Source Files\decoder</Filter>
    </ClCompile>
    <ClCompile Include="..\zbar\decoder\ean.c">
      <Filter>Source Files\decoder</Filter>
    </ClCompile>
    <ClCompile Include="..\zbar\config.c">
      <Filter>Source Files</Filter>
    </ClCompile>
    <ClCompile Include="..\zbar\decoder\pdf417.c">
      <Filter>Source Files\decoder</Filter>
    </ClCompile>
    <ClCompile Include="..\zbar\decoder\sq_finder.c">
      <Filter>Source Files\decoder</Filter>
    </ClCompile>
    <ClCompile Include="..\zbar\sqcode.c">
      <Filter>Source Files</Filter>
    </ClCompile>
    <ClCompile Include="..\zbar\misc.c">
      <Filter>Source Files</Filter>
    </ClCompile>
    <ClCompile Include="..\zbar\decoder\qr_finder.c">
      <Filter>Source Files\decoder</Filter>
    </ClCompile>
    <ClCompile Include="..\zbar\processor\lock.c">
      <Filter>Source Files\processor</Filter>
    </ClCompile>
    <ClCompile Include="..\zbar\processor\null.c">
      <Filter>Source Files\processor</Filter>
    </ClCompile>
    <ClCompile Include="..\zbar\processor\posix.c">
      <Filter>Source Files\processor</Filter>
    </ClCompile>
    <ClCompile Include="..\zbar\processor\win.c">
      <Filter>Source Files\processor</Filter>
    </ClCompile>
    <ClCompile Include="..\zbar\processor\x.c">
      <Filter>Source Files\processor</Filter>
    </ClCompile>
    <ClCompile Include="..\zbar\qrcode\bch15_5.c">
      <Filter>Source Files\qrcode</Filter>
    </ClCompile>
    <ClCompile Include="..\zbar\qrcode\binarize.c">
      <Filter>Source Files\qrcode</Filter>
    </ClCompile>
    <ClCompile Include="..\zbar\qrcode\isaac.c">
      <Filter>Source Files\qrcode</Filter>
    </ClCompile>
    <ClCompile Include="..\zbar\qrcode\qrdec.c">
      <Filter>Source Files\qrcode</Filter>
    </ClCompile>
    <ClCompile Include="..\zbar\qrcode\qrdectxt.c">
      <Filter>Source Files\qrcode</Filter>
    </ClCompile>
    <ClCompile Include="..\zbar\qrcode\rs.c">
      <Filter>Source Files\qrcode</Filter>
    </ClCompile>
    <ClCompile Include="..\zbar\qrcode\util.c">
      <Filter>Source Files\qrcode</Filter>
    </ClCompile>
    <ClCompile Include="..\zbar\video\null.c">
      <Filter>Source Files\video</Filter>
    </ClCompile>
    <ClCompile Include="..\zbar\video\v4l.c">
      <Filter>Source Files\video</Filter>
    </ClCompile>
    <ClCompile Include="..\zbar\video\v4l1.c">
      <Filter>Source Files\video</Filter>
    </ClCompile>
    <ClCompile Include="..\zbar\video\v4l2.c">
      <Filter>Source Files\video</Filter>
    </ClCompile>
    <ClCompile Include="..\zbar\video\vfw.c">
      <Filter>Source Files\video</Filter>
    </ClCompile>
    <ClCompile Include="..\zbar\window\dib.c">
      <Filter>Source Files\window</Filter>
    </ClCompile>
    <ClCompile Include="..\zbar\window\null.c">
      <Filter>Source Files\window</Filter>
    </ClCompile>
    <ClCompile Include="..\zbar\window\vfw.c">
      <Filter>Source Files\window</Filter>
    </ClCompile>
    <ClCompile Include="..\zbar\window\win.c">
      <Filter>Source Files\window</Filter>
    </ClCompile>
    <ClCompile Include="..\zbar\window\ximage.c">
      <Filter>Source Files\window</Filter>
    </ClCompile>
    <ClCompile Include="..\zbar\window\xv.c">
      <Filter>Source Files\window</Filter>
    </ClCompile>
    <ClCompile Include="..\zbar\window\x.c">
      <Filter>Source Files\window</Filter>
    </ClCompile>
    <ClCompile Include="..\zbar\video\dshow.c">
      <Filter>Source Files\video</Filter>
    </ClCompile>
    <ClCompile Include="..\zbar\decoder.c">
      <Filter>Source Files</Filter>
    </ClCompile>
    <ClCompile Include="..\zbar\jpeg.c">
      <Filter>Source Files</Filter>
    </ClCompile>
  </ItemGroup>
  <ItemGroup>
    <ClInclude Include="..\include\zbar.h">
      <Filter>Header Files</Filter>
    </ClInclude>
    <ClInclude Include="..\zbar\decoder\qr_finder.h">
      <Filter>Header Files</Filter>
    </ClInclude>
    <ClInclude Include="..\zbar\qrcode.h">
      <Filter>Header Files</Filter>
    </ClInclude>
    <ClInclude Include="..\zbar\error.h">
      <Filter>Header Files</Filter>
    </ClInclude>
    <ClInclude Include="..\zbar\symbol.h">
      <Filter>Header Files</Filter>
    </ClInclude>
    <ClInclude Include="..\zbar\image.h">
      <Filter>Header Files</Filter>
    </ClInclude>
    <ClInclude Include="..\zbar\processor.h">
      <Filter>Header Files</Filter>
    </ClInclude>
    <ClInclude Include="..\zbar\refcnt.h">
      <Filter>Header Files</Filter>
    </ClInclude>
    <ClInclude Include="..\zbar\timer.h">
      <Filter>Header Files</Filter>
    </ClInclude>
    <ClInclude Include="..\zbar\mutex.h">
      <Filter>Header Files</Filter>
    </ClInclude>
    <ClInclude Include="..\zbar\event.h">
      <Filter>Header Files</Filter>
    </ClInclude>
    <ClInclude Include="..\zbar\thread.h">
      <Filter>Header Files</Filter>
    </ClInclude>
    <ClInclude Include="..\zbar\window.h">
      <Filter>Header Files</Filter>
    </ClInclude>
    <ClInclude Include="..\zbar\video.h">
      <Filter>Header Files</Filter>
    </ClInclude>
    <ClInclude Include="..\zbar\img_scanner.h">
      <Filter>Header Files</Filter>
    </ClInclude>
    <ClInclude Include="..\zbar\decoder.h">
      <Filter>Header Files</Filter>
    </ClInclude>
    <ClInclude Include="..\zbar\decoder\i25.h">
      <Filter>Source Files\decoder</Filter>
    </ClInclude>
    <ClInclude Include="..\zbar\decoder\codabar.h">
      <Filter>Source Files\decoder</Filter>
    </ClInclude>
    <ClInclude Include="..\zbar\decoder\databar.h">
      <Filter>Source Files\decoder</Filter>
    </ClInclude>
    <ClInclude Include="..\zbar\decoder\code128.h">
      <Filter>Source Files\decoder</Filter>
    </ClInclude>
    <ClInclude Include="..\zbar\decoder\code93.h">
      <Filter>Source Files\decoder</Filter>
    </ClInclude>
    <ClInclude Include="..\zbar\decoder\code39.h">
      <Filter>Source Files\decoder</Filter>
    </ClInclude>
    <ClInclude Include="..\zbar\decoder\ean.h">
      <Filter>Source Files\decoder</Filter>
    </ClInclude>
    <ClInclude Include="config.h">
      <Filter>Header Files</Filter>
    </ClInclude>
    <ClInclude Include="..\zbar\decoder\pdf417.h">
      <Filter>Source Files\decoder</Filter>
    </ClInclude>
    <ClInclude Include="..\zbar\decoder\sq_finder.h">
      <Filter>Source Files\decoder</Filter>
    </ClInclude>
    <ClInclude Include="..\zbar\sqcode.h">
      <Filter>Source Files</Filter>
    </ClInclude>
    <ClInclude Include="..\zbar\misc.h">
      <Filter>Source Files</Filter>
    </ClInclude>
    <ClInclude Include="..\zbar\processor\posix.h">
      <Filter>Source Files\processor</Filter>
    </ClInclude>
    <ClInclude Include="..\zbar\qrcode\bch15_5.h">
      <Filter>Source Files\qrcode</Filter>
    </ClInclude>
    <ClInclude Include="..\zbar\qrcode\binarize.h">
      <Filter>Source Files\qrcode</Filter>
    </ClInclude>
    <ClInclude Include="..\zbar\qrcode\isaac.h">
      <Filter>Source Files\qrcode</Filter>
    </ClInclude>
    <ClInclude Include="..\zbar\qrcode\qrdec.h">
      <Filter>Source Files\qrcode</Filter>
    </ClInclude>
    <ClInclude Include="..\zbar\qrcode\rs.h">
      <Filter>Source Files\qrcode</Filter>
    </ClInclude>
    <ClInclude Include="..\zbar\qrcode\util.h">
      <Filter>Source Files\qrcode</Filter>
    </ClInclude>
    <ClInclude Include="..\zbar\window\win.h">
      <Filter>Source Files\window</Filter>
    </ClInclude>
    <ClInclude Include="..\zbar\window\x.h">
      <Filter>Source Files\window</Filter>
    </ClInclude>
  </ItemGroup>
  <ItemGroup>
    <Filter Include="Header Files">
      <UniqueIdentifier>{D9FB3D00-FC7C-3F8E-9E0B-EFE1A211E8BA}</UniqueIdentifier>
    </Filter>
    <Filter Include="Source Files">
      <UniqueIdentifier>{138F32C6-425A-3C3C-BAB0-E030755D908D}</UniqueIdentifier>
    </Filter>
    <Filter Include="Source Files\decoder">
      <UniqueIdentifier>{36d2b411-b5eb-4a27-8259-21e17c606f54}</UniqueIdentifier>
    </Filter>
    <Filter Include="Source Files\processor">
      <UniqueIdentifier>{c3779696-b909-43db-a2a6-1941df3d1d31}</UniqueIdentifier>
    </Filter>
    <Filter Include="Source Files\video">
      <UniqueIdentifier>{83ab4b4c-c86f-40e3-8453-a1456b932e23}</UniqueIdentifier>
    </Filter>
    <Filter Include="Source Files\qrcode">
      <UniqueIdentifier>{fed11b28-022d-4bb0-8ece-4063308c04c9}</UniqueIdentifier>
    </Filter>
    <Filter Include="Source Files\window">
      <UniqueIdentifier>{b8528bea-04da-4d4d-8951-01400fac66ff}</UniqueIdentifier>
    </Filter>
  </ItemGroup>
  <ItemGroup>
    <None Include="zbar.def">
      <Filter>Source Files</Filter>
    </None>
  </ItemGroup>
  <ItemGroup>
    <ResourceCompile Include="..\zbar\libzbar.rc">
      <Filter>Source Files</Filter>
    </ResourceCompile>
  </ItemGroup>
</Project>