<?xml version="1.0" encoding="utf-8"?>
<Project ToolsVersion="4.0" xmlns="http://schemas.microsoft.com/developer/msbuild/2003">
  <ItemGroup>
    <ClCompile Include="..\zbar\decoder\qr_finder.c">
      <Filter>Source Files</Filter>
    </ClCompile>
    <ClCompile Include="..\zbar\qrcode\qrdec.c">
      <Filter>Source Files</Filter>
    </ClCompile>
    <ClCompile Include="..\zbar\qrcode\qrdectxt.c">
      <Filter>Source Files</Filter>
    </ClCompile>
    <ClCompile Include="..\zbar\qrcode\rs.c">
      <Filter>Source Files</Filter>
    </ClCompile>
    <ClCompile Include="..\zbar\qrcode\isaac.c">
      <Filter>Source Files</Filter>
    </ClCompile>
    <ClCompile Include="..\zbar\qrcode\bch15_5.c">
      <Filter>Source Files</Filter>
    </ClCompile>
    <ClCompile Include="..\zbar\qrcode\binarize.c">
      <Filter>Source Files</Filter>
    </ClCompile>
    <ClCompile Include="..\zbar\qrcode\util.c">
      <Filter>Source Files</Filter>
    </ClCompile>
    <ClCompile Include="..\zbar\processor\posix.c">
      <Filter>Source Files</Filter>
    </ClCompile>
    <ClCompile Include="..\zbar\symbol.c">
      <Filter>Source Files</Filter>
    </ClCompile>
    <ClCompile Include="..\zbar\image.c">
      <Filter>Source Files</Filter>
    </ClCompile>
    <ClCompile Include="..\zbar\video.c">
      <Filter>Source Files</Filter>
    </ClCompile>
    <ClCompile Include="..\zbar\img_scanner.c">
      <Filter>Source Files</Filter>
    </ClCompile>
    <ClCompile Include="..\zbar\scanner.c">
      <Filter>Source Files</Filter>
    </ClCompile>
    <ClCompile Include="..\zbar\window.c">
      <Filter>Source Files</Filter>
    </ClCompile>
    <ClCompile Include="..\zbar\decoder.c">
      <Filter>Source Files</Filter>
    </ClCompile>
    <ClCompile Include="..\zbar\refcnt.c">
      <Filter>Source Files</Filter>
    </ClCompile>
    <ClCompile Include="..\zbar\processor\lock.c">
      <Filter>Source Files</Filter>
    </ClCompile>
    <ClCompile Include="..\zbar\processor.c">
      <Filter>Source Files</Filter>
    </ClCompile>
    <ClCompile Include="..\zbar\convert.c">
      <Filter>Source Files</Filter>
    </ClCompile>
    <ClCompile Include="..\zbar\error.c">
      <Filter>Source Files</Filter>
    </ClCompile>
    <ClCompile Include="..\zbar\video\null.c">
      <Filter>Source Files</Filter>
    </ClCompile>
    <ClCompile Include="..\zbar\processor\null.c">
      <Filter>Source Files</Filter>
    </ClCompile>
    <ClCompile Include="..\zbar\window\null.c">
      <Filter>Source Files</Filter>
    </ClCompile>
  </ItemGroup>
  <ItemGroup>
    <ClInclude Include="..\include\zbar.h">
      <Filter>Header Files</Filter>
    </ClInclude>
    <ClInclude Include="..\zbar\decoder\qr_finder.h">
      <Filter>Header Files</Filter>
    </ClInclude>
    <ClInclude Include="..\zbar\qrcode.h">
      <Filter>Header Files</Filter>
    </ClInclude>
    <ClInclude Include="..\zbar\qrcode\qrdec.h">
      <Filter>Header Files</Filter>
    </ClInclude>
    <ClInclude Include="..\zbar\qrcode\rs.h">
      <Filter>Header Files</Filter>
    </ClInclude>
    <ClInclude Include="..\zbar\qrcode\isaac.h">
      <Filter>Header Files</Filter>
    </ClInclude>
    <ClInclude Include="..\zbar\qrcode\bch15_5.h">
      <Filter>Header Files</Filter>
    </ClInclude>
    <ClInclude Include="..\zbar\qrcode\binarize.h">
      <Filter>Header Files</Filter>
    </ClInclude>
    <ClInclude Include="..\zbar\qrcode\util.h">
      <Filter>Header Files</Filter>
    </ClInclude>
    <ClInclude Include="..\zbar\error.h">
      <Filter>Header Files</Filter>
    </ClInclude>
    <ClInclude Include="..\zbar\symbol.h">
      <Filter>Header Files</Filter>
    </ClInclude>
    <ClInclude Include="..\zbar\image.h">
      <Filter>Header Files</Filter>
    </ClInclude>
    <ClInclude Include="..\zbar\processor.h">
      <Filter>Header Files</Filter>
    </ClInclude>
    <ClInclude Include="..\zbar\refcnt.h">
      <Filter>Header Files</Filter>
    </ClInclude>
    <ClInclude Include="..\zbar\timer.h">
      <Filter>Header Files</Filter>
    </ClInclude>
    <ClInclude Include="..\zbar\mutex.h">
      <Filter>Header Files</Filter>
    </ClInclude>
    <ClInclude Include="..\zbar\event.h">
      <Filter>Header Files</Filter>
    </ClInclude>
    <ClInclude Include="..\zbar\thread.h">
      <Filter>Header Files</Filter>
    </ClInclude>
    <ClInclude Include="..\zbar\window.h">
      <Filter>Header Files</Filter>
    </ClInclude>
    <ClInclude Include="..\zbar\video.h">
      <Filter>Header Files</Filter>
    </ClInclude>
    <ClInclude Include="..\zbar\img_scanner.h">
      <Filter>Header Files</Filter>
    </ClInclude>
    <ClInclude Include="..\zbar\decoder.h">
      <Filter>Header Files</Filter>
    </ClInclude>
    <ClInclude Include="..\zbar\processor\posix.h">
      <Filter>Header Files</Filter>
    </ClInclude>
  </ItemGroup>
  <ItemGroup>
    <CustomBuild Include="..\CMakeLists.txt" />
  </ItemGroup>
  <ItemGroup>
    <Filter Include="Header Files">
      <UniqueIdentifier>{D9FB3D00-FC7C-3F8E-9E0B-EFE1A211E8BA}</UniqueIdentifier>
    </Filter>
    <Filter Include="Source Files">
      <UniqueIdentifier>{138F32C6-425A-3C3C-BAB0-E030755D908D}</UniqueIdentifier>
    </Filter>
  </ItemGroup>
</Project>
